
Microsoft Visual Studio Solution File, Format Version 12.00
# Visual Studio Version 17
VisualStudioVersion = 17.0.31903.59
MinimumVisualStudioVersion = 10.0.40219.1
Project("{2150E333-8FDC-42A3-9474-1A3956D46DE8}") = "src", "src", "{2F7BA18B-41FE-4FE1-804F-F24455F5FD03}"
EndProject
Project("{FAE04EC0-301F-11D3-BF4B-00C04F79EFBC}") = "BlazingShop", "src\BlazingShop\BlazingShop.csproj", "{03E74C68-B087-4908-AA44-207707C78EFC}"
EndProject
Project("{2150E333-8FDC-42A3-9474-1A3956D46DE8}") = "SolutionItems", "SolutionItems", "{015B8E12-77B4-4349-B5D4-D7DB3A344093}"
	ProjectSection(SolutionItems) = preProject
		.editorconfig = .editorconfig
		Directory.Build.props = Directory.Build.props
	EndProjectSection
EndProject
Global
	GlobalSection(SolutionConfigurationPlatforms) = preSolution
		Debug|Any CPU = Debug|Any CPU
		Release|Any CPU = Release|Any CPU
	EndGlobalSection
	GlobalSection(ProjectConfigurationPlatforms) = postSolution
		{03E74C68-B087-4908-AA44-207707C78EFC}.Debug|Any CPU.ActiveCfg = Debug|Any CPU
		{03E74C68-B087-4908-AA44-207707C78EFC}.Debug|Any CPU.Build.0 = Debug|Any CPU
		{03E74C68-B087-4908-AA44-207707C78EFC}.Release|Any CPU.ActiveCfg = Release|Any CPU
		{03E74C68-B087-4908-AA44-207707C78EFC}.Release|Any CPU.Build.0 = Release|Any CPU
	EndGlobalSection
	GlobalSection(SolutionProperties) = preSolution
		HideSolutionNode = FALSE
	EndGlobalSection
	GlobalSection(NestedProjects) = preSolution
		{03E74C68-B087-4908-AA44-207707C78EFC} = {2F7BA18B-41FE-4FE1-804F-F24455F5FD03}
	EndGlobalSection
EndGlobal
